// !$*UTF8*$!
{
	archiveVersion = 1;
	classes = {
	};
	objectVersion = 46;
	objects = {

/* Begin PBXBuildFile section */
		B50341401CE9A0280064B828 /* GBCSavedHistoryGraphsViewController1.swift in Sources */ = {isa = PBXBuildFile; fileRef = B503413F1CE9A0280064B828 /* GBCSavedHistoryGraphsViewController1.swift */; };
		B505D3D51CE820F10054E2BC /* CalendarLogic.swift in Sources */ = {isa = PBXBuildFile; fileRef = B505D3CA1CE820F10054E2BC /* CalendarLogic.swift */; };
		B505D3D61CE820F10054E2BC /* CalendarLogic.swift in Sources */ = {isa = PBXBuildFile; fileRef = B505D3CA1CE820F10054E2BC /* CalendarLogic.swift */; };
		B505D3D71CE820F10054E2BC /* CalendarView.swift in Sources */ = {isa = PBXBuildFile; fileRef = B505D3CB1CE820F10054E2BC /* CalendarView.swift */; };
		B505D3D81CE820F10054E2BC /* CalendarView.swift in Sources */ = {isa = PBXBuildFile; fileRef = B505D3CB1CE820F10054E2BC /* CalendarView.swift */; };
		B505D3D91CE820F10054E2BC /* CalendarView.xib in Resources */ = {isa = PBXBuildFile; fileRef = B505D3CC1CE820F10054E2BC /* CalendarView.xib */; };
		B505D3DA1CE820F10054E2BC /* CalendarView.xib in Resources */ = {isa = PBXBuildFile; fileRef = B505D3CC1CE820F10054E2BC /* CalendarView.xib */; };
		B505D3DB1CE820F10054E2BC /* Date.swift in Sources */ = {isa = PBXBuildFile; fileRef = B505D3CD1CE820F10054E2BC /* Date.swift */; };
		B505D3DC1CE820F10054E2BC /* Date.swift in Sources */ = {isa = PBXBuildFile; fileRef = B505D3CD1CE820F10054E2BC /* Date.swift */; };
		B505D3DD1CE820F10054E2BC /* DayCollectionCell.swift in Sources */ = {isa = PBXBuildFile; fileRef = B505D3CE1CE820F10054E2BC /* DayCollectionCell.swift */; };
		B505D3DE1CE820F10054E2BC /* DayCollectionCell.swift in Sources */ = {isa = PBXBuildFile; fileRef = B505D3CE1CE820F10054E2BC /* DayCollectionCell.swift */; };
		B505D3DF1CE820F10054E2BC /* DayCollectionCell.xib in Resources */ = {isa = PBXBuildFile; fileRef = B505D3CF1CE820F10054E2BC /* DayCollectionCell.xib */; };
		B505D3E01CE820F10054E2BC /* DayCollectionCell.xib in Resources */ = {isa = PBXBuildFile; fileRef = B505D3CF1CE820F10054E2BC /* DayCollectionCell.xib */; };
		B505D3E11CE820F10054E2BC /* MonthCollectionCell.swift in Sources */ = {isa = PBXBuildFile; fileRef = B505D3D01CE820F10054E2BC /* MonthCollectionCell.swift */; };
		B505D3E21CE820F10054E2BC /* MonthCollectionCell.swift in Sources */ = {isa = PBXBuildFile; fileRef = B505D3D01CE820F10054E2BC /* MonthCollectionCell.swift */; };
		B505D3E31CE820F10054E2BC /* MonthCollectionCell.xib in Resources */ = {isa = PBXBuildFile; fileRef = B505D3D11CE820F10054E2BC /* MonthCollectionCell.xib */; };
		B505D3E41CE820F10054E2BC /* MonthCollectionCell.xib in Resources */ = {isa = PBXBuildFile; fileRef = B505D3D11CE820F10054E2BC /* MonthCollectionCell.xib */; };
		B505D3E51CE820F10054E2BC /* NSDateAdditions.swift in Sources */ = {isa = PBXBuildFile; fileRef = B505D3D21CE820F10054E2BC /* NSDateAdditions.swift */; };
		B505D3E61CE820F10054E2BC /* NSDateAdditions.swift in Sources */ = {isa = PBXBuildFile; fileRef = B505D3D21CE820F10054E2BC /* NSDateAdditions.swift */; };
		B505D3E71CE820F10054E2BC /* WeekHeaderView.swift in Sources */ = {isa = PBXBuildFile; fileRef = B505D3D31CE820F10054E2BC /* WeekHeaderView.swift */; };
		B505D3E81CE820F10054E2BC /* WeekHeaderView.swift in Sources */ = {isa = PBXBuildFile; fileRef = B505D3D31CE820F10054E2BC /* WeekHeaderView.swift */; };
		B505D3E91CE820F10054E2BC /* WeekHeaderView.xib in Resources */ = {isa = PBXBuildFile; fileRef = B505D3D41CE820F10054E2BC /* WeekHeaderView.xib */; };
		B505D3EA1CE820F10054E2BC /* WeekHeaderView.xib in Resources */ = {isa = PBXBuildFile; fileRef = B505D3D41CE820F10054E2BC /* WeekHeaderView.xib */; };
		B505D3FD1CE821DD0054E2BC /* CBCCalendarViewController.swift in Sources */ = {isa = PBXBuildFile; fileRef = B505D3FC1CE821DD0054E2BC /* CBCCalendarViewController.swift */; };
		B505D3FE1CE821DD0054E2BC /* CBCCalendarViewController.swift in Sources */ = {isa = PBXBuildFile; fileRef = B505D3FC1CE821DD0054E2BC /* CBCCalendarViewController.swift */; };
		D821AB841CE509D200B1DB64 /* GBCConfigurationMeasuringTimeViewController.swift in Sources */ = {isa = PBXBuildFile; fileRef = D821AB831CE509D200B1DB64 /* GBCConfigurationMeasuringTimeViewController.swift */; };
		D83E0F1F1CD137C900300593 /* AppDelegate.swift in Sources */ = {isa = PBXBuildFile; fileRef = D83E0F1E1CD137C900300593 /* AppDelegate.swift */; };
		D83E0F211CD137C900300593 /* ViewController.swift in Sources */ = {isa = PBXBuildFile; fileRef = D83E0F201CD137C900300593 /* ViewController.swift */; };
		D83E0F241CD137C900300593 /* Main.storyboard in Resources */ = {isa = PBXBuildFile; fileRef = D83E0F221CD137C900300593 /* Main.storyboard */; };
		D83E0F271CD137C900300593 /* MonitoringIOSProject.xcdatamodeld in Sources */ = {isa = PBXBuildFile; fileRef = D83E0F251CD137C900300593 /* MonitoringIOSProject.xcdatamodeld */; };
		D83E0F291CD137C900300593 /* Assets.xcassets in Resources */ = {isa = PBXBuildFile; fileRef = D83E0F281CD137C900300593 /* Assets.xcassets */; };
		D83E0F2C1CD137C900300593 /* LaunchScreen.storyboard in Resources */ = {isa = PBXBuildFile; fileRef = D83E0F2A1CD137C900300593 /* LaunchScreen.storyboard */; };
		D83E0F371CD137C900300593 /* MonitoringIOSProjectTests.swift in Sources */ = {isa = PBXBuildFile; fileRef = D83E0F361CD137C900300593 /* MonitoringIOSProjectTests.swift */; };
		D83E0F421CD137C900300593 /* MonitoringIOSProjectUITests.swift in Sources */ = {isa = PBXBuildFile; fileRef = D83E0F411CD137C900300593 /* MonitoringIOSProjectUITests.swift */; };
		D83E0F6A1CD1386700300593 /* Accelerate.framework in Frameworks */ = {isa = PBXBuildFile; fileRef = D83E0F691CD1386700300593 /* Accelerate.framework */; };
		D83E0F6C1CD1387500300593 /* QuartzCore.framework in Frameworks */ = {isa = PBXBuildFile; fileRef = D83E0F6B1CD1387500300593 /* QuartzCore.framework */; };
		D83E0F6D1CD1387D00300593 /* libCorePlot-CocoaTouch.a in Frameworks */ = {isa = PBXBuildFile; fileRef = D83E0F651CD1381200300593 /* libCorePlot-CocoaTouch.a */; };
		D83E0F731CD13D5900300593 /* GBCPlotsViewController.swift in Sources */ = {isa = PBXBuildFile; fileRef = D83E0F721CD13D5900300593 /* GBCPlotsViewController.swift */; };
		D83E0F761CD1565100300593 /* GBCEnumerations.swift in Sources */ = {isa = PBXBuildFile; fileRef = D83E0F751CD1565100300593 /* GBCEnumerations.swift */; };
		D83E0F791CD167C700300593 /* BluetoothManager.swift in Sources */ = {isa = PBXBuildFile; fileRef = D83E0F781CD167C700300593 /* BluetoothManager.swift */; };
		D84920571CDA5BD500AB611B /* AditionalInformationPopPup.storyboard in Resources */ = {isa = PBXBuildFile; fileRef = D84920561CDA5BD500AB611B /* AditionalInformationPopPup.storyboard */; };
		D84920631CDA5CAA00AB611B /* GBCAditionalInformationPopupViewController.swift in Sources */ = {isa = PBXBuildFile; fileRef = D84920621CDA5CAA00AB611B /* GBCAditionalInformationPopupViewController.swift */; };
		D84CD84F1CD7FA1800B35B18 /* BWCircularSlider.swift in Sources */ = {isa = PBXBuildFile; fileRef = D84CD84C1CD7FA1800B35B18 /* BWCircularSlider.swift */; };
		D84CD8501CD7FA1800B35B18 /* BWCircularSlider.swift in Sources */ = {isa = PBXBuildFile; fileRef = D84CD84C1CD7FA1800B35B18 /* BWCircularSlider.swift */; };
		D84CD8521CD7FAAE00B35B18 /* BWCircularSliderView.swift in Sources */ = {isa = PBXBuildFile; fileRef = D84CD8511CD7FAAE00B35B18 /* BWCircularSliderView.swift */; };
		D84CD8531CD7FAAE00B35B18 /* BWCircularSliderView.swift in Sources */ = {isa = PBXBuildFile; fileRef = D84CD8511CD7FAAE00B35B18 /* BWCircularSliderView.swift */; };
		D8FDC8A71CD9091F002A702F /* GBCCurrentMeasurementViewController.swift in Sources */ = {isa = PBXBuildFile; fileRef = D8FDC8A61CD9091F002A702F /* GBCCurrentMeasurementViewController.swift */; };
/* End PBXBuildFile section */

/* Begin PBXContainerItemProxy section */
		B505D3F81CE820F10054E2BC /* PBXContainerItemProxy */ = {
			isa = PBXContainerItemProxy;
			containerPortal = D83E0F4F1CD1381200300593 /* CorePlot.xcodeproj */;
			proxyType = 2;
			remoteGlobalIDString = C37EA6921BC83F2A0091C8F7;
			remoteInfo = "CorePlot tvOS";
		};
		B505D3FA1CE820F10054E2BC /* PBXContainerItemProxy */ = {
			isa = PBXContainerItemProxy;
			containerPortal = D83E0F4F1CD1381200300593 /* CorePlot.xcodeproj */;
			proxyType = 2;
			remoteGlobalIDString = C37EA6B71BC83F2D0091C8F7;
			remoteInfo = "UnitTests tvOS";
		};
		D83E0F331CD137C900300593 /* PBXContainerItemProxy */ = {
			isa = PBXContainerItemProxy;
			containerPortal = D83E0F131CD137C900300593 /* Project object */;
			proxyType = 1;
			remoteGlobalIDString = D83E0F1A1CD137C900300593;
			remoteInfo = MonitoringIOSProject;
		};
		D83E0F3E1CD137C900300593 /* PBXContainerItemProxy */ = {
			isa = PBXContainerItemProxy;
			containerPortal = D83E0F131CD137C900300593 /* Project object */;
			proxyType = 1;
			remoteGlobalIDString = D83E0F1A1CD137C900300593;
			remoteInfo = MonitoringIOSProject;
		};
		D83E0F5C1CD1381200300593 /* PBXContainerItemProxy */ = {
			isa = PBXContainerItemProxy;
			containerPortal = D83E0F4F1CD1381200300593 /* CorePlot.xcodeproj */;
			proxyType = 2;
			remoteGlobalIDString = 8DC2EF5B0486A6940098B216;
			remoteInfo = "CorePlot Mac";
		};
		D83E0F5E1CD1381200300593 /* PBXContainerItemProxy */ = {
			isa = PBXContainerItemProxy;
			containerPortal = D83E0F4F1CD1381200300593 /* CorePlot.xcodeproj */;
			proxyType = 2;
			remoteGlobalIDString = 0730F600109492D800E95162;
			remoteInfo = "UnitTests Mac";
		};
		D83E0F601CD1381200300593 /* PBXContainerItemProxy */ = {
			isa = PBXContainerItemProxy;
			containerPortal = D83E0F4F1CD1381200300593 /* CorePlot.xcodeproj */;
			proxyType = 2;
			remoteGlobalIDString = C38A09781A46185200D45436;
			remoteInfo = "CorePlot iOS";
		};
		D83E0F621CD1381200300593 /* PBXContainerItemProxy */ = {
			isa = PBXContainerItemProxy;
			containerPortal = D83E0F4F1CD1381200300593 /* CorePlot.xcodeproj */;
			proxyType = 2;
			remoteGlobalIDString = C38A09821A46185300D45436;
			remoteInfo = "UnitTests iOS";
		};
		D83E0F641CD1381200300593 /* PBXContainerItemProxy */ = {
			isa = PBXContainerItemProxy;
			containerPortal = D83E0F4F1CD1381200300593 /* CorePlot.xcodeproj */;
			proxyType = 2;
			remoteGlobalIDString = C38A09BA1A4619A900D45436;
			remoteInfo = "CorePlot-CocoaTouch";
		};
		D83E0F661CD1381200300593 /* PBXContainerItemProxy */ = {
			isa = PBXContainerItemProxy;
			containerPortal = D83E0F4F1CD1381200300593 /* CorePlot.xcodeproj */;
			proxyType = 2;
			remoteGlobalIDString = C38A09C41A4619A900D45436;
			remoteInfo = "CorePlot-CocoaTouchTests";
		};
/* End PBXContainerItemProxy section */

/* Begin PBXFileReference section */
		B503413F1CE9A0280064B828 /* GBCSavedHistoryGraphsViewController1.swift */ = {isa = PBXFileReference; fileEncoding = 4; lastKnownFileType = sourcecode.swift; path = GBCSavedHistoryGraphsViewController1.swift; sourceTree = "<group>"; };
		B505D3CA1CE820F10054E2BC /* CalendarLogic.swift */ = {isa = PBXFileReference; fileEncoding = 4; lastKnownFileType = sourcecode.swift; path = CalendarLogic.swift; sourceTree = "<group>"; };
		B505D3CB1CE820F10054E2BC /* CalendarView.swift */ = {isa = PBXFileReference; fileEncoding = 4; lastKnownFileType = sourcecode.swift; path = CalendarView.swift; sourceTree = "<group>"; };
		B505D3CC1CE820F10054E2BC /* CalendarView.xib */ = {isa = PBXFileReference; fileEncoding = 4; lastKnownFileType = file.xib; path = CalendarView.xib; sourceTree = "<group>"; };
		B505D3CD1CE820F10054E2BC /* Date.swift */ = {isa = PBXFileReference; fileEncoding = 4; lastKnownFileType = sourcecode.swift; path = Date.swift; sourceTree = "<group>"; };
		B505D3CE1CE820F10054E2BC /* DayCollectionCell.swift */ = {isa = PBXFileReference; fileEncoding = 4; lastKnownFileType = sourcecode.swift; path = DayCollectionCell.swift; sourceTree = "<group>"; };
		B505D3CF1CE820F10054E2BC /* DayCollectionCell.xib */ = {isa = PBXFileReference; fileEncoding = 4; lastKnownFileType = file.xib; path = DayCollectionCell.xib; sourceTree = "<group>"; };
		B505D3D01CE820F10054E2BC /* MonthCollectionCell.swift */ = {isa = PBXFileReference; fileEncoding = 4; lastKnownFileType = sourcecode.swift; path = MonthCollectionCell.swift; sourceTree = "<group>"; };
		B505D3D11CE820F10054E2BC /* MonthCollectionCell.xib */ = {isa = PBXFileReference; fileEncoding = 4; lastKnownFileType = file.xib; path = MonthCollectionCell.xib; sourceTree = "<group>"; };
		B505D3D21CE820F10054E2BC /* NSDateAdditions.swift */ = {isa = PBXFileReference; fileEncoding = 4; lastKnownFileType = sourcecode.swift; path = NSDateAdditions.swift; sourceTree = "<group>"; };
		B505D3D31CE820F10054E2BC /* WeekHeaderView.swift */ = {isa = PBXFileReference; fileEncoding = 4; lastKnownFileType = sourcecode.swift; path = WeekHeaderView.swift; sourceTree = "<group>"; };
		B505D3D41CE820F10054E2BC /* WeekHeaderView.xib */ = {isa = PBXFileReference; fileEncoding = 4; lastKnownFileType = file.xib; path = WeekHeaderView.xib; sourceTree = "<group>"; };
		B505D3FC1CE821DD0054E2BC /* CBCCalendarViewController.swift */ = {isa = PBXFileReference; fileEncoding = 4; lastKnownFileType = sourcecode.swift; name = CBCCalendarViewController.swift; path = MonitoringIOSProject/CBCCalendarViewController.swift; sourceTree = "<group>"; };
		D821AB831CE509D200B1DB64 /* GBCConfigurationMeasuringTimeViewController.swift */ = {isa = PBXFileReference; fileEncoding = 4; lastKnownFileType = sourcecode.swift; path = GBCConfigurationMeasuringTimeViewController.swift; sourceTree = "<group>"; };
		D83E0F1B1CD137C900300593 /* MonitoringIOSProject.app */ = {isa = PBXFileReference; explicitFileType = wrapper.application; includeInIndex = 0; path = MonitoringIOSProject.app; sourceTree = BUILT_PRODUCTS_DIR; };
		D83E0F1E1CD137C900300593 /* AppDelegate.swift */ = {isa = PBXFileReference; lastKnownFileType = sourcecode.swift; path = AppDelegate.swift; sourceTree = "<group>"; };
		D83E0F201CD137C900300593 /* ViewController.swift */ = {isa = PBXFileReference; lastKnownFileType = sourcecode.swift; path = ViewController.swift; sourceTree = "<group>"; };
		D83E0F231CD137C900300593 /* Base */ = {isa = PBXFileReference; lastKnownFileType = file.storyboard; name = Base; path = Base.lproj/Main.storyboard; sourceTree = "<group>"; };
		D83E0F261CD137C900300593 /* MonitoringIOSProject.xcdatamodel */ = {isa = PBXFileReference; lastKnownFileType = wrapper.xcdatamodel; path = MonitoringIOSProject.xcdatamodel; sourceTree = "<group>"; };
		D83E0F281CD137C900300593 /* Assets.xcassets */ = {isa = PBXFileReference; lastKnownFileType = folder.assetcatalog; path = Assets.xcassets; sourceTree = "<group>"; };
		D83E0F2B1CD137C900300593 /* Base */ = {isa = PBXFileReference; lastKnownFileType = file.storyboard; name = Base; path = Base.lproj/LaunchScreen.storyboard; sourceTree = "<group>"; };
		D83E0F2D1CD137C900300593 /* Info.plist */ = {isa = PBXFileReference; lastKnownFileType = text.plist.xml; path = Info.plist; sourceTree = "<group>"; };
		D83E0F321CD137C900300593 /* MonitoringIOSProjectTests.xctest */ = {isa = PBXFileReference; explicitFileType = wrapper.cfbundle; includeInIndex = 0; path = MonitoringIOSProjectTests.xctest; sourceTree = BUILT_PRODUCTS_DIR; };
		D83E0F361CD137C900300593 /* MonitoringIOSProjectTests.swift */ = {isa = PBXFileReference; lastKnownFileType = sourcecode.swift; path = MonitoringIOSProjectTests.swift; sourceTree = "<group>"; };
		D83E0F381CD137C900300593 /* Info.plist */ = {isa = PBXFileReference; lastKnownFileType = text.plist.xml; path = Info.plist; sourceTree = "<group>"; };
		D83E0F3D1CD137C900300593 /* MonitoringIOSProjectUITests.xctest */ = {isa = PBXFileReference; explicitFileType = wrapper.cfbundle; includeInIndex = 0; path = MonitoringIOSProjectUITests.xctest; sourceTree = BUILT_PRODUCTS_DIR; };
		D83E0F411CD137C900300593 /* MonitoringIOSProjectUITests.swift */ = {isa = PBXFileReference; lastKnownFileType = sourcecode.swift; path = MonitoringIOSProjectUITests.swift; sourceTree = "<group>"; };
		D83E0F431CD137C900300593 /* Info.plist */ = {isa = PBXFileReference; lastKnownFileType = text.plist.xml; path = Info.plist; sourceTree = "<group>"; };
		D83E0F4F1CD1381200300593 /* CorePlot.xcodeproj */ = {isa = PBXFileReference; lastKnownFileType = "wrapper.pb-project"; name = CorePlot.xcodeproj; path = "../../repos/core-plot/framework/CorePlot.xcodeproj"; sourceTree = "<group>"; };
		D83E0F691CD1386700300593 /* Accelerate.framework */ = {isa = PBXFileReference; lastKnownFileType = wrapper.framework; name = Accelerate.framework; path = System/Library/Frameworks/Accelerate.framework; sourceTree = SDKROOT; };
		D83E0F6B1CD1387500300593 /* QuartzCore.framework */ = {isa = PBXFileReference; lastKnownFileType = wrapper.framework; name = QuartzCore.framework; path = System/Library/Frameworks/QuartzCore.framework; sourceTree = SDKROOT; };
		D83E0F701CD13A9F00300593 /* MonitoringIOSProject-Header-File.h */ = {isa = PBXFileReference; lastKnownFileType = sourcecode.c.h; name = "MonitoringIOSProject-Header-File.h"; path = "MonitoringIOSProject/MonitoringIOSProject-Header-File.h"; sourceTree = "<group>"; };
		D83E0F721CD13D5900300593 /* GBCPlotsViewController.swift */ = {isa = PBXFileReference; fileEncoding = 4; lastKnownFileType = sourcecode.swift; path = GBCPlotsViewController.swift; sourceTree = "<group>"; };
		D83E0F751CD1565100300593 /* GBCEnumerations.swift */ = {isa = PBXFileReference; fileEncoding = 4; lastKnownFileType = sourcecode.swift; path = GBCEnumerations.swift; sourceTree = "<group>"; };
		D83E0F781CD167C700300593 /* BluetoothManager.swift */ = {isa = PBXFileReference; fileEncoding = 4; lastKnownFileType = sourcecode.swift; path = BluetoothManager.swift; sourceTree = "<group>"; };
		D84920561CDA5BD500AB611B /* AditionalInformationPopPup.storyboard */ = {isa = PBXFileReference; fileEncoding = 4; lastKnownFileType = file.storyboard; path = AditionalInformationPopPup.storyboard; sourceTree = "<group>"; };
		D84920621CDA5CAA00AB611B /* GBCAditionalInformationPopupViewController.swift */ = {isa = PBXFileReference; fileEncoding = 4; lastKnownFileType = sourcecode.swift; path = GBCAditionalInformationPopupViewController.swift; sourceTree = "<group>"; };
		D84CD84C1CD7FA1800B35B18 /* BWCircularSlider.swift */ = {isa = PBXFileReference; fileEncoding = 4; lastKnownFileType = sourcecode.swift; path = BWCircularSlider.swift; sourceTree = "<group>"; };
		D84CD8511CD7FAAE00B35B18 /* BWCircularSliderView.swift */ = {isa = PBXFileReference; fileEncoding = 4; lastKnownFileType = sourcecode.swift; path = BWCircularSliderView.swift; sourceTree = "<group>"; };
		D8FDC8A61CD9091F002A702F /* GBCCurrentMeasurementViewController.swift */ = {isa = PBXFileReference; fileEncoding = 4; lastKnownFileType = sourcecode.swift; path = GBCCurrentMeasurementViewController.swift; sourceTree = "<group>"; };
/* End PBXFileReference section */

/* Begin PBXFrameworksBuildPhase section */
		D83E0F181CD137C900300593 /* Frameworks */ = {
			isa = PBXFrameworksBuildPhase;
			buildActionMask = 2147483647;
			files = (
				D83E0F6D1CD1387D00300593 /* libCorePlot-CocoaTouch.a in Frameworks */,
				D83E0F6C1CD1387500300593 /* QuartzCore.framework in Frameworks */,
				D83E0F6A1CD1386700300593 /* Accelerate.framework in Frameworks */,
			);
			runOnlyForDeploymentPostprocessing = 0;
		};
		D83E0F2F1CD137C900300593 /* Frameworks */ = {
			isa = PBXFrameworksBuildPhase;
			buildActionMask = 2147483647;
			files = (
			);
			runOnlyForDeploymentPostprocessing = 0;
		};
		D83E0F3A1CD137C900300593 /* Frameworks */ = {
			isa = PBXFrameworksBuildPhase;
			buildActionMask = 2147483647;
			files = (
			);
			runOnlyForDeploymentPostprocessing = 0;
		};
/* End PBXFrameworksBuildPhase section */

/* Begin PBXGroup section */
		B505D3C91CE820F10054E2BC /* CalendarKit */ = {
			isa = PBXGroup;
			children = (
				B505D3CA1CE820F10054E2BC /* CalendarLogic.swift */,
				B505D3CB1CE820F10054E2BC /* CalendarView.swift */,
				B505D3CC1CE820F10054E2BC /* CalendarView.xib */,
				B505D3CD1CE820F10054E2BC /* Date.swift */,
				B505D3CE1CE820F10054E2BC /* DayCollectionCell.swift */,
				B505D3CF1CE820F10054E2BC /* DayCollectionCell.xib */,
				B505D3D01CE820F10054E2BC /* MonthCollectionCell.swift */,
				B505D3D11CE820F10054E2BC /* MonthCollectionCell.xib */,
				B505D3D21CE820F10054E2BC /* NSDateAdditions.swift */,
				B505D3D31CE820F10054E2BC /* WeekHeaderView.swift */,
				B505D3D41CE820F10054E2BC /* WeekHeaderView.xib */,
			);
			name = CalendarKit;
			path = MonitoringIOSProject/CalendarKit;
			sourceTree = "<group>";
		};
		B505D4021CE83ABA0054E2BC /* SavedHistoryGraphs */ = {
			isa = PBXGroup;
			children = (
				B505D3FC1CE821DD0054E2BC /* CBCCalendarViewController.swift */,
				B503413F1CE9A0280064B828 /* GBCSavedHistoryGraphsViewController1.swift */,
			);
			name = SavedHistoryGraphs;
			sourceTree = "<group>";
		};
		D83E0F121CD137C900300593 = {
			isa = PBXGroup;
			children = (
				D83E0F4F1CD1381200300593 /* CorePlot.xcodeproj */,
				D83E0F691CD1386700300593 /* Accelerate.framework */,
				D83E0F6B1CD1387500300593 /* QuartzCore.framework */,
				D83E0F771CD157D200300593 /* Plots */,
				D84CD8401CD7F9EA00B35B18 /* SliderConfiguration */,
				B505D3C91CE820F10054E2BC /* CalendarKit */,
				D83E0F7A1CD167CF00300593 /* Bluetooth */,
				B505D4021CE83ABA0054E2BC /* SavedHistoryGraphs */,
				D83E0F1D1CD137C900300593 /* MonitoringIOSProject */,
				D83E0F351CD137C900300593 /* MonitoringIOSProjectTests */,
				D83E0F1C1CD137C900300593 /* Products */,
				D83E0F6E1CD1388B00300593 /* OtherSource */,
				D83E0F401CD137C900300593 /* MonitoringIOSProjectUITests */,
			);
			sourceTree = "<group>";
		};
		D83E0F1C1CD137C900300593 /* Products */ = {
			isa = PBXGroup;
			children = (
				D83E0F1B1CD137C900300593 /* MonitoringIOSProject.app */,
				D83E0F321CD137C900300593 /* MonitoringIOSProjectTests.xctest */,
				D83E0F3D1CD137C900300593 /* MonitoringIOSProjectUITests.xctest */,
			);
			name = Products;
			sourceTree = "<group>";
		};
		D83E0F1D1CD137C900300593 /* MonitoringIOSProject */ = {
			isa = PBXGroup;
			children = (
				D83E0F1E1CD137C900300593 /* AppDelegate.swift */,
				D83E0F201CD137C900300593 /* ViewController.swift */,
				D83E0F751CD1565100300593 /* GBCEnumerations.swift */,
				D8FDC8A61CD9091F002A702F /* GBCCurrentMeasurementViewController.swift */,
				D84920621CDA5CAA00AB611B /* GBCAditionalInformationPopupViewController.swift */,
				D83E0F281CD137C900300593 /* Assets.xcassets */,
				D83E0F221CD137C900300593 /* Main.storyboard */,
				D84920561CDA5BD500AB611B /* AditionalInformationPopPup.storyboard */,
				D83E0F2A1CD137C900300593 /* LaunchScreen.storyboard */,
				D83E0F2D1CD137C900300593 /* Info.plist */,
				D83E0F251CD137C900300593 /* MonitoringIOSProject.xcdatamodeld */,
			);
			path = MonitoringIOSProject;
			sourceTree = "<group>";
		};
		D83E0F351CD137C900300593 /* MonitoringIOSProjectTests */ = {
			isa = PBXGroup;
			children = (
				D83E0F361CD137C900300593 /* MonitoringIOSProjectTests.swift */,
				D83E0F381CD137C900300593 /* Info.plist */,
			);
			path = MonitoringIOSProjectTests;
			sourceTree = "<group>";
		};
		D83E0F401CD137C900300593 /* MonitoringIOSProjectUITests */ = {
			isa = PBXGroup;
			children = (
				D83E0F411CD137C900300593 /* MonitoringIOSProjectUITests.swift */,
				D83E0F431CD137C900300593 /* Info.plist */,
			);
			path = MonitoringIOSProjectUITests;
			sourceTree = "<group>";
		};
		D83E0F501CD1381200300593 /* Products */ = {
			isa = PBXGroup;
			children = (
				D83E0F5D1CD1381200300593 /* CorePlot.framework */,
				D83E0F5F1CD1381200300593 /* UnitTests.xctest */,
				D83E0F611CD1381200300593 /* CorePlot.framework */,
				D83E0F631CD1381200300593 /* UnitTests iOS.xctest */,
				D83E0F651CD1381200300593 /* libCorePlot-CocoaTouch.a */,
				D83E0F671CD1381200300593 /* CorePlot-CocoaTouchTests.xctest */,
				B505D3F91CE820F10054E2BC /* CorePlot.framework */,
				B505D3FB1CE820F10054E2BC /* UnitTests tvOS.xctest */,
			);
			name = Products;
			sourceTree = "<group>";
		};
		D83E0F6E1CD1388B00300593 /* OtherSource */ = {
			isa = PBXGroup;
			children = (
				D83E0F701CD13A9F00300593 /* MonitoringIOSProject-Header-File.h */,
			);
			name = OtherSource;
			sourceTree = "<group>";
		};
		D83E0F771CD157D200300593 /* Plots */ = {
			isa = PBXGroup;
			children = (
				D83E0F721CD13D5900300593 /* GBCPlotsViewController.swift */,
			);
			name = Plots;
			path = MonitoringIOSProject;
			sourceTree = "<group>";
		};
		D83E0F7A1CD167CF00300593 /* Bluetooth */ = {
			isa = PBXGroup;
			children = (
				D83E0F781CD167C700300593 /* BluetoothManager.swift */,
			);
			name = Bluetooth;
			path = MonitoringIOSProject;
			sourceTree = "<group>";
		};
		D84CD8401CD7F9EA00B35B18 /* SliderConfiguration */ = {
			isa = PBXGroup;
			children = (
				D821AB831CE509D200B1DB64 /* GBCConfigurationMeasuringTimeViewController.swift */,
				D84CD84C1CD7FA1800B35B18 /* BWCircularSlider.swift */,
				D84CD8511CD7FAAE00B35B18 /* BWCircularSliderView.swift */,
			);
			name = SliderConfiguration;
			path = MonitoringIOSProject;
			sourceTree = "<group>";
		};
/* End PBXGroup section */

/* Begin PBXNativeTarget section */
		D83E0F1A1CD137C900300593 /* MonitoringIOSProject */ = {
			isa = PBXNativeTarget;
			buildConfigurationList = D83E0F461CD137C900300593 /* Build configuration list for PBXNativeTarget "MonitoringIOSProject" */;
			buildPhases = (
				D83E0F171CD137C900300593 /* Sources */,
				D83E0F181CD137C900300593 /* Frameworks */,
				D83E0F191CD137C900300593 /* Resources */,
			);
			buildRules = (
			);
			dependencies = (
			);
			name = MonitoringIOSProject;
			productName = MonitoringIOSProject;
			productReference = D83E0F1B1CD137C900300593 /* MonitoringIOSProject.app */;
			productType = "com.apple.product-type.application";
		};
		D83E0F311CD137C900300593 /* MonitoringIOSProjectTests */ = {
			isa = PBXNativeTarget;
			buildConfigurationList = D83E0F491CD137C900300593 /* Build configuration list for PBXNativeTarget "MonitoringIOSProjectTests" */;
			buildPhases = (
				D83E0F2E1CD137C900300593 /* Sources */,
				D83E0F2F1CD137C900300593 /* Frameworks */,
				D83E0F301CD137C900300593 /* Resources */,
			);
			buildRules = (
			);
			dependencies = (
				D83E0F341CD137C900300593 /* PBXTargetDependency */,
			);
			name = MonitoringIOSProjectTests;
			productName = MonitoringIOSProjectTests;
			productReference = D83E0F321CD137C900300593 /* MonitoringIOSProjectTests.xctest */;
			productType = "com.apple.product-type.bundle.unit-test";
		};
		D83E0F3C1CD137C900300593 /* MonitoringIOSProjectUITests */ = {
			isa = PBXNativeTarget;
			buildConfigurationList = D83E0F4C1CD137C900300593 /* Build configuration list for PBXNativeTarget "MonitoringIOSProjectUITests" */;
			buildPhases = (
				D83E0F391CD137C900300593 /* Sources */,
				D83E0F3A1CD137C900300593 /* Frameworks */,
				D83E0F3B1CD137C900300593 /* Resources */,
			);
			buildRules = (
			);
			dependencies = (
				D83E0F3F1CD137C900300593 /* PBXTargetDependency */,
			);
			name = MonitoringIOSProjectUITests;
			productName = MonitoringIOSProjectUITests;
			productReference = D83E0F3D1CD137C900300593 /* MonitoringIOSProjectUITests.xctest */;
			productType = "com.apple.product-type.bundle.ui-testing";
		};
/* End PBXNativeTarget section */

/* Begin PBXProject section */
		D83E0F131CD137C900300593 /* Project object */ = {
			isa = PBXProject;
			attributes = {
				LastSwiftUpdateCheck = 0730;
				LastUpgradeCheck = 0730;
				ORGANIZATIONNAME = FING156561;
				TargetAttributes = {
					D83E0F1A1CD137C900300593 = {
						CreatedOnToolsVersion = 7.3;
						SystemCapabilities = {
							com.apple.BackgroundModes = {
								enabled = 1;
							};
						};
					};
					D83E0F311CD137C900300593 = {
						CreatedOnToolsVersion = 7.3;
						TestTargetID = D83E0F1A1CD137C900300593;
					};
					D83E0F3C1CD137C900300593 = {
						CreatedOnToolsVersion = 7.3;
						TestTargetID = D83E0F1A1CD137C900300593;
					};
				};
			};
			buildConfigurationList = D83E0F161CD137C900300593 /* Build configuration list for PBXProject "MonitoringIOSProject" */;
			compatibilityVersion = "Xcode 3.2";
			developmentRegion = English;
			hasScannedForEncodings = 0;
			knownRegions = (
				en,
				Base,
			);
			mainGroup = D83E0F121CD137C900300593;
			productRefGroup = D83E0F1C1CD137C900300593 /* Products */;
			projectDirPath = "";
			projectReferences = (
				{
					ProductGroup = D83E0F501CD1381200300593 /* Products */;
					ProjectRef = D83E0F4F1CD1381200300593 /* CorePlot.xcodeproj */;
				},
			);
			projectRoot = "";
			targets = (
				D83E0F1A1CD137C900300593 /* MonitoringIOSProject */,
				D83E0F311CD137C900300593 /* MonitoringIOSProjectTests */,
				D83E0F3C1CD137C900300593 /* MonitoringIOSProjectUITests */,
			);
		};
/* End PBXProject section */

/* Begin PBXReferenceProxy section */
		B505D3F91CE820F10054E2BC /* CorePlot.framework */ = {
			isa = PBXReferenceProxy;
			fileType = wrapper.framework;
			path = CorePlot.framework;
			remoteRef = B505D3F81CE820F10054E2BC /* PBXContainerItemProxy */;
			sourceTree = BUILT_PRODUCTS_DIR;
		};
		B505D3FB1CE820F10054E2BC /* UnitTests tvOS.xctest */ = {
			isa = PBXReferenceProxy;
			fileType = wrapper.cfbundle;
			path = "UnitTests tvOS.xctest";
			remoteRef = B505D3FA1CE820F10054E2BC /* PBXContainerItemProxy */;
			sourceTree = BUILT_PRODUCTS_DIR;
		};
		D83E0F5D1CD1381200300593 /* CorePlot.framework */ = {
			isa = PBXReferenceProxy;
			fileType = wrapper.framework;
			path = CorePlot.framework;
			remoteRef = D83E0F5C1CD1381200300593 /* PBXContainerItemProxy */;
			sourceTree = BUILT_PRODUCTS_DIR;
		};
		D83E0F5F1CD1381200300593 /* UnitTests.xctest */ = {
			isa = PBXReferenceProxy;
			fileType = wrapper.cfbundle;
			path = UnitTests.xctest;
			remoteRef = D83E0F5E1CD1381200300593 /* PBXContainerItemProxy */;
			sourceTree = BUILT_PRODUCTS_DIR;
		};
		D83E0F611CD1381200300593 /* CorePlot.framework */ = {
			isa = PBXReferenceProxy;
			fileType = wrapper.framework;
			path = CorePlot.framework;
			remoteRef = D83E0F601CD1381200300593 /* PBXContainerItemProxy */;
			sourceTree = BUILT_PRODUCTS_DIR;
		};
		D83E0F631CD1381200300593 /* UnitTests iOS.xctest */ = {
			isa = PBXReferenceProxy;
			fileType = wrapper.cfbundle;
			path = "UnitTests iOS.xctest";
			remoteRef = D83E0F621CD1381200300593 /* PBXContainerItemProxy */;
			sourceTree = BUILT_PRODUCTS_DIR;
		};
		D83E0F651CD1381200300593 /* libCorePlot-CocoaTouch.a */ = {
			isa = PBXReferenceProxy;
			fileType = archive.ar;
			path = "libCorePlot-CocoaTouch.a";
			remoteRef = D83E0F641CD1381200300593 /* PBXContainerItemProxy */;
			sourceTree = BUILT_PRODUCTS_DIR;
		};
		D83E0F671CD1381200300593 /* CorePlot-CocoaTouchTests.xctest */ = {
			isa = PBXReferenceProxy;
			fileType = wrapper.cfbundle;
			path = "CorePlot-CocoaTouchTests.xctest";
			remoteRef = D83E0F661CD1381200300593 /* PBXContainerItemProxy */;
			sourceTree = BUILT_PRODUCTS_DIR;
		};
/* End PBXReferenceProxy section */

/* Begin PBXResourcesBuildPhase section */
		D83E0F191CD137C900300593 /* Resources */ = {
			isa = PBXResourcesBuildPhase;
			buildActionMask = 2147483647;
			files = (
				D83E0F2C1CD137C900300593 /* LaunchScreen.storyboard in Resources */,
				B505D3E31CE820F10054E2BC /* MonthCollectionCell.xib in Resources */,
				D83E0F291CD137C900300593 /* Assets.xcassets in Resources */,
				B505D3E91CE820F10054E2BC /* WeekHeaderView.xib in Resources */,
				B505D3D91CE820F10054E2BC /* CalendarView.xib in Resources */,
				D83E0F241CD137C900300593 /* Main.storyboard in Resources */,
				B505D3DF1CE820F10054E2BC /* DayCollectionCell.xib in Resources */,
				D84920571CDA5BD500AB611B /* AditionalInformationPopPup.storyboard in Resources */,
			);
			runOnlyForDeploymentPostprocessing = 0;
		};
		D83E0F301CD137C900300593 /* Resources */ = {
			isa = PBXResourcesBuildPhase;
			buildActionMask = 2147483647;
			files = (
			);
			runOnlyForDeploymentPostprocessing = 0;
		};
		D83E0F3B1CD137C900300593 /* Resources */ = {
			isa = PBXResourcesBuildPhase;
			buildActionMask = 2147483647;
			files = (
				B505D3E01CE820F10054E2BC /* DayCollectionCell.xib in Resources */,
				B505D3E41CE820F10054E2BC /* MonthCollectionCell.xib in Resources */,
				B505D3DA1CE820F10054E2BC /* CalendarView.xib in Resources */,
				B505D3EA1CE820F10054E2BC /* WeekHeaderView.xib in Resources */,
			);
			runOnlyForDeploymentPostprocessing = 0;
		};
/* End PBXResourcesBuildPhase section */

/* Begin PBXSourcesBuildPhase section */
		D83E0F171CD137C900300593 /* Sources */ = {
			isa = PBXSourcesBuildPhase;
			buildActionMask = 2147483647;
			files = (
				D83E0F731CD13D5900300593 /* GBCPlotsViewController.swift in Sources */,
				B505D3DD1CE820F10054E2BC /* DayCollectionCell.swift in Sources */,
				D8FDC8A71CD9091F002A702F /* GBCCurrentMeasurementViewController.swift in Sources */,
				D84CD8521CD7FAAE00B35B18 /* BWCircularSliderView.swift in Sources */,
				D83E0F761CD1565100300593 /* GBCEnumerations.swift in Sources */,
				B505D3E71CE820F10054E2BC /* WeekHeaderView.swift in Sources */,
				D84CD84F1CD7FA1800B35B18 /* BWCircularSlider.swift in Sources */,
				B505D3E11CE820F10054E2BC /* MonthCollectionCell.swift in Sources */,
				B505D3FD1CE821DD0054E2BC /* CBCCalendarViewController.swift in Sources */,
				D821AB841CE509D200B1DB64 /* GBCConfigurationMeasuringTimeViewController.swift in Sources */,
				B505D3D71CE820F10054E2BC /* CalendarView.swift in Sources */,
				D83E0F211CD137C900300593 /* ViewController.swift in Sources */,
				D84920631CDA5CAA00AB611B /* GBCAditionalInformationPopupViewController.swift in Sources */,
				B505D3DB1CE820F10054E2BC /* Date.swift in Sources */,
				B50341401CE9A0280064B828 /* GBCSavedHistoryGraphsViewController1.swift in Sources */,
				D83E0F1F1CD137C900300593 /* AppDelegate.swift in Sources */,
				D83E0F791CD167C700300593 /* BluetoothManager.swift in Sources */,
				B505D3D51CE820F10054E2BC /* CalendarLogic.swift in Sources */,
				B505D3E51CE820F10054E2BC /* NSDateAdditions.swift in Sources */,
				D83E0F271CD137C900300593 /* MonitoringIOSProject.xcdatamodeld in Sources */,
			);
			runOnlyForDeploymentPostprocessing = 0;
		};
		D83E0F2E1CD137C900300593 /* Sources */ = {
			isa = PBXSourcesBuildPhase;
			buildActionMask = 2147483647;
			files = (
				D83E0F371CD137C900300593 /* MonitoringIOSProjectTests.swift in Sources */,
			);
			runOnlyForDeploymentPostprocessing = 0;
		};
		D83E0F391CD137C900300593 /* Sources */ = {
			isa = PBXSourcesBuildPhase;
			buildActionMask = 2147483647;
			files = (
				B505D3D81CE820F10054E2BC /* CalendarView.swift in Sources */,
				B505D3E81CE820F10054E2BC /* WeekHeaderView.swift in Sources */,
				B505D3DC1CE820F10054E2BC /* Date.swift in Sources */,
				D83E0F421CD137C900300593 /* MonitoringIOSProjectUITests.swift in Sources */,
				B505D3E61CE820F10054E2BC /* NSDateAdditions.swift in Sources */,
				B505D3DE1CE820F10054E2BC /* DayCollectionCell.swift in Sources */,
				D84CD8531CD7FAAE00B35B18 /* BWCircularSliderView.swift in Sources */,
				B505D3D61CE820F10054E2BC /* CalendarLogic.swift in Sources */,
				B505D3E21CE820F10054E2BC /* MonthCollectionCell.swift in Sources */,
				B505D3FE1CE821DD0054E2BC /* CBCCalendarViewController.swift in Sources */,
				D84CD8501CD7FA1800B35B18 /* BWCircularSlider.swift in Sources */,
			);
			runOnlyForDeploymentPostprocessing = 0;
		};
/* End PBXSourcesBuildPhase section */

/* Begin PBXTargetDependency section */
		D83E0F341CD137C900300593 /* PBXTargetDependency */ = {
			isa = PBXTargetDependency;
			target = D83E0F1A1CD137C900300593 /* MonitoringIOSProject */;
			targetProxy = D83E0F331CD137C900300593 /* PBXContainerItemProxy */;
		};
		D83E0F3F1CD137C900300593 /* PBXTargetDependency */ = {
			isa = PBXTargetDependency;
			target = D83E0F1A1CD137C900300593 /* MonitoringIOSProject */;
			targetProxy = D83E0F3E1CD137C900300593 /* PBXContainerItemProxy */;
		};
/* End PBXTargetDependency section */

/* Begin PBXVariantGroup section */
		D83E0F221CD137C900300593 /* Main.storyboard */ = {
			isa = PBXVariantGroup;
			children = (
				D83E0F231CD137C900300593 /* Base */,
			);
			name = Main.storyboard;
			sourceTree = "<group>";
		};
		D83E0F2A1CD137C900300593 /* LaunchScreen.storyboard */ = {
			isa = PBXVariantGroup;
			children = (
				D83E0F2B1CD137C900300593 /* Base */,
			);
			name = LaunchScreen.storyboard;
			sourceTree = "<group>";
		};
/* End PBXVariantGroup section */

/* Begin XCBuildConfiguration section */
		D83E0F441CD137C900300593 /* Debug */ = {
			isa = XCBuildConfiguration;
			buildSettings = {
				ALWAYS_SEARCH_USER_PATHS = NO;
				CLANG_ANALYZER_NONNULL = YES;
				CLANG_CXX_LANGUAGE_STANDARD = "gnu++0x";
				CLANG_CXX_LIBRARY = "libc++";
				CLANG_ENABLE_MODULES = YES;
				CLANG_ENABLE_OBJC_ARC = YES;
				CLANG_WARN_BOOL_CONVERSION = YES;
				CLANG_WARN_CONSTANT_CONVERSION = YES;
				CLANG_WARN_DIRECT_OBJC_ISA_USAGE = YES_ERROR;
				CLANG_WARN_EMPTY_BODY = YES;
				CLANG_WARN_ENUM_CONVERSION = YES;
				CLANG_WARN_INT_CONVERSION = YES;
				CLANG_WARN_OBJC_ROOT_CLASS = YES_ERROR;
				CLANG_WARN_UNREACHABLE_CODE = YES;
				CLANG_WARN__DUPLICATE_METHOD_MATCH = YES;
				"CODE_SIGN_IDENTITY[sdk=iphoneos*]" = "iPhone Developer";
				COPY_PHASE_STRIP = NO;
				DEBUG_INFORMATION_FORMAT = dwarf;
				ENABLE_STRICT_OBJC_MSGSEND = YES;
				ENABLE_TESTABILITY = YES;
				GCC_C_LANGUAGE_STANDARD = gnu99;
				GCC_DYNAMIC_NO_PIC = NO;
				GCC_NO_COMMON_BLOCKS = YES;
				GCC_OPTIMIZATION_LEVEL = 0;
				GCC_PREPROCESSOR_DEFINITIONS = (
					"DEBUG=1",
					"$(inherited)",
				);
				GCC_WARN_64_TO_32_BIT_CONVERSION = YES;
				GCC_WARN_ABOUT_RETURN_TYPE = YES_ERROR;
				GCC_WARN_UNDECLARED_SELECTOR = YES;
				GCC_WARN_UNINITIALIZED_AUTOS = YES_AGGRESSIVE;
				GCC_WARN_UNUSED_FUNCTION = YES;
				GCC_WARN_UNUSED_VARIABLE = YES;
				IPHONEOS_DEPLOYMENT_TARGET = 9.3;
				MTL_ENABLE_DEBUG_INFO = YES;
				ONLY_ACTIVE_ARCH = YES;
				SDKROOT = iphoneos;
				SWIFT_OPTIMIZATION_LEVEL = "-Onone";
				TARGETED_DEVICE_FAMILY = "1,2";
			};
			name = Debug;
		};
		D83E0F451CD137C900300593 /* Release */ = {
			isa = XCBuildConfiguration;
			buildSettings = {
				ALWAYS_SEARCH_USER_PATHS = NO;
				CLANG_ANALYZER_NONNULL = YES;
				CLANG_CXX_LANGUAGE_STANDARD = "gnu++0x";
				CLANG_CXX_LIBRARY = "libc++";
				CLANG_ENABLE_MODULES = YES;
				CLANG_ENABLE_OBJC_ARC = YES;
				CLANG_WARN_BOOL_CONVERSION = YES;
				CLANG_WARN_CONSTANT_CONVERSION = YES;
				CLANG_WARN_DIRECT_OBJC_ISA_USAGE = YES_ERROR;
				CLANG_WARN_EMPTY_BODY = YES;
				CLANG_WARN_ENUM_CONVERSION = YES;
				CLANG_WARN_INT_CONVERSION = YES;
				CLANG_WARN_OBJC_ROOT_CLASS = YES_ERROR;
				CLANG_WARN_UNREACHABLE_CODE = YES;
				CLANG_WARN__DUPLICATE_METHOD_MATCH = YES;
				"CODE_SIGN_IDENTITY[sdk=iphoneos*]" = "iPhone Developer";
				COPY_PHASE_STRIP = NO;
				DEBUG_INFORMATION_FORMAT = "dwarf-with-dsym";
				ENABLE_NS_ASSERTIONS = NO;
				ENABLE_STRICT_OBJC_MSGSEND = YES;
				GCC_C_LANGUAGE_STANDARD = gnu99;
				GCC_NO_COMMON_BLOCKS = YES;
				GCC_WARN_64_TO_32_BIT_CONVERSION = YES;
				GCC_WARN_ABOUT_RETURN_TYPE = YES_ERROR;
				GCC_WARN_UNDECLARED_SELECTOR = YES;
				GCC_WARN_UNINITIALIZED_AUTOS = YES_AGGRESSIVE;
				GCC_WARN_UNUSED_FUNCTION = YES;
				GCC_WARN_UNUSED_VARIABLE = YES;
				IPHONEOS_DEPLOYMENT_TARGET = 9.3;
				MTL_ENABLE_DEBUG_INFO = NO;
				SDKROOT = iphoneos;
				TARGETED_DEVICE_FAMILY = "1,2";
				VALIDATE_PRODUCT = YES;
			};
			name = Release;
		};
		D83E0F471CD137C900300593 /* Debug */ = {
			isa = XCBuildConfiguration;
			buildSettings = {
				ASSETCATALOG_COMPILER_APPICON_NAME = AppIcon;
				CODE_SIGN_IDENTITY = "iPhone Developer";
				"CODE_SIGN_IDENTITY[sdk=iphoneos*]" = "iPhone Developer";
				INFOPLIST_FILE = MonitoringIOSProject/Info.plist;
				IPHONEOS_DEPLOYMENT_TARGET = 9.3;
				LD_RUNPATH_SEARCH_PATHS = "$(inherited) @executable_path/Frameworks";
				OTHER_LDFLAGS = (
					"-all_load",
					"-ObjC",
				);
				PRODUCT_BUNDLE_IDENTIFIER = co.MonitoringIOSProject;
				PRODUCT_NAME = "$(TARGET_NAME)";
				PROVISIONING_PROFILE = "";
				SWIFT_OBJC_BRIDGING_HEADER = "$(SRCROOT)/MonitoringIOSProject/MonitoringIOSProject-Header-File.h";
				USER_HEADER_SEARCH_PATHS = "\"${SRCROOT}/../../repos/core-plot/framework\"/**";
			};
			name = Debug;
		};
		D83E0F481CD137C900300593 /* Release */ = {
			isa = XCBuildConfiguration;
			buildSettings = {
				ASSETCATALOG_COMPILER_APPICON_NAME = AppIcon;
				CODE_SIGN_IDENTITY = "iPhone Developer";
				"CODE_SIGN_IDENTITY[sdk=iphoneos*]" = "iPhone Developer";
				INFOPLIST_FILE = MonitoringIOSProject/Info.plist;
				IPHONEOS_DEPLOYMENT_TARGET = 9.3;
				LD_RUNPATH_SEARCH_PATHS = "$(inherited) @executable_path/Frameworks";
				OTHER_LDFLAGS = (
					"-all_load",
					"-ObjC",
				);
				PRODUCT_BUNDLE_IDENTIFIER = co.MonitoringIOSProject;
				PRODUCT_NAME = "$(TARGET_NAME)";
				PROVISIONING_PROFILE = "";
				SWIFT_OBJC_BRIDGING_HEADER = "$(SRCROOT)/MonitoringIOSProject/MonitoringIOSProject-Header-File.h";
				USER_HEADER_SEARCH_PATHS = "\"${SRCROOT}/../../repos/core-plot/framework\"/**";
			};
			name = Release;
		};
		D83E0F4A1CD137C900300593 /* Debug */ = {
			isa = XCBuildConfiguration;
			buildSettings = {
				BUNDLE_LOADER = "$(TEST_HOST)";
				INFOPLIST_FILE = MonitoringIOSProjectTests/Info.plist;
				LD_RUNPATH_SEARCH_PATHS = "$(inherited) @executable_path/Frameworks @loader_path/Frameworks";
				PRODUCT_BUNDLE_IDENTIFIER = GIBIC.MonitoringIOSProjectTests;
				PRODUCT_NAME = "$(TARGET_NAME)";
				TEST_HOST = "$(BUILT_PRODUCTS_DIR)/MonitoringIOSProject.app/MonitoringIOSProject";
			};
			name = Debug;
		};
		D83E0F4B1CD137C900300593 /* Release */ = {
			isa = XCBuildConfiguration;
			buildSettings = {
				BUNDLE_LOADER = "$(TEST_HOST)";
				INFOPLIST_FILE = MonitoringIOSProjectTests/Info.plist;
				LD_RUNPATH_SEARCH_PATHS = "$(inherited) @executable_path/Frameworks @loader_path/Frameworks";
				PRODUCT_BUNDLE_IDENTIFIER = GIBIC.MonitoringIOSProjectTests;
				PRODUCT_NAME = "$(TARGET_NAME)";
				TEST_HOST = "$(BUILT_PRODUCTS_DIR)/MonitoringIOSProject.app/MonitoringIOSProject";
			};
			name = Release;
		};
		D83E0F4D1CD137C900300593 /* Debug */ = {
			isa = XCBuildConfiguration;
			buildSettings = {
				INFOPLIST_FILE = MonitoringIOSProjectUITests/Info.plist;
				LD_RUNPATH_SEARCH_PATHS = "$(inherited) @executable_path/Frameworks @loader_path/Frameworks";
				PRODUCT_BUNDLE_IDENTIFIER = GIBIC.MonitoringIOSProjectUITests;
				PRODUCT_NAME = "$(TARGET_NAME)";
				TEST_TARGET_NAME = MonitoringIOSProject;
			};
			name = Debug;
		};
		D83E0F4E1CD137C900300593 /* Release */ = {
			isa = XCBuildConfiguration;
			buildSettings = {
				INFOPLIST_FILE = MonitoringIOSProjectUITests/Info.plist;
				LD_RUNPATH_SEARCH_PATHS = "$(inherited) @executable_path/Frameworks @loader_path/Frameworks";
				PRODUCT_BUNDLE_IDENTIFIER = GIBIC.MonitoringIOSProjectUITests;
				PRODUCT_NAME = "$(TARGET_NAME)";
				TEST_TARGET_NAME = MonitoringIOSProject;
			};
			name = Release;
		};
/* End XCBuildConfiguration section */

/* Begin XCConfigurationList section */
		D83E0F161CD137C900300593 /* Build configuration list for PBXProject "MonitoringIOSProject" */ = {
			isa = XCConfigurationList;
			buildConfigurations = (
				D83E0F441CD137C900300593 /* Debug */,
				D83E0F451CD137C900300593 /* Release */,
			);
			defaultConfigurationIsVisible = 0;
			defaultConfigurationName = Release;
		};
		D83E0F461CD137C900300593 /* Build configuration list for PBXNativeTarget "MonitoringIOSProject" */ = {
			isa = XCConfigurationList;
			buildConfigurations = (
				D83E0F471CD137C900300593 /* Debug */,
				D83E0F481CD137C900300593 /* Release */,
			);
			defaultConfigurationIsVisible = 0;
			defaultConfigurationName = Release;
		};
		D83E0F491CD137C900300593 /* Build configuration list for PBXNativeTarget "MonitoringIOSProjectTests" */ = {
			isa = XCConfigurationList;
			buildConfigurations = (
				D83E0F4A1CD137C900300593 /* Debug */,
				D83E0F4B1CD137C900300593 /* Release */,
			);
			defaultConfigurationIsVisible = 0;
			defaultConfigurationName = Release;
		};
		D83E0F4C1CD137C900300593 /* Build configuration list for PBXNativeTarget "MonitoringIOSProjectUITests" */ = {
			isa = XCConfigurationList;
			buildConfigurations = (
				D83E0F4D1CD137C900300593 /* Debug */,
				D83E0F4E1CD137C900300593 /* Release */,
			);
			defaultConfigurationIsVisible = 0;
			defaultConfigurationName = Release;
		};
/* End XCConfigurationList section */

/* Begin XCVersionGroup section */
		D83E0F251CD137C900300593 /* MonitoringIOSProject.xcdatamodeld */ = {
			isa = XCVersionGroup;
			children = (
				D83E0F261CD137C900300593 /* MonitoringIOSProject.xcdatamodel */,
			);
			currentVersion = D83E0F261CD137C900300593 /* MonitoringIOSProject.xcdatamodel */;
			path = MonitoringIOSProject.xcdatamodeld;
			sourceTree = "<group>";
			versionGroupType = wrapper.xcdatamodel;
		};
/* End XCVersionGroup section */
	};
	rootObject = D83E0F131CD137C900300593 /* Project object */;
}
